
Microsoft Visual Studio Solution File, Format Version 12.00
# Visual Studio Version 17
VisualStudioVersion = 17.14.36109.1
MinimumVisualStudioVersion = 10.0.40219.1
Project("{2150E333-8FDC-42A3-9474-1A3956D46DE8}") = "Presentation", "Presentation", "{02EA681E-C7D8-13C7-8484-4AC65E1B71E8}"
EndProject
Project("{FAE04EC0-301F-11D3-BF4B-00C04F79EFBC}") = "SGR.Web", "SGR.Web\SGR.Web.csproj", "{FC7ECA87-7E40-4B32-878D-AF0F4209C627}"
EndProject
Project("{FAE04EC0-301F-11D3-BF4B-00C04F79EFBC}") = "SGR.Mobile", "SGR.Mobile\SGR.Mobile.csproj", "{4DEDAAE3-04A9-443F-AD04-88870C32458B}"
EndProject
Project("{2150E333-8FDC-42A3-9474-1A3956D46DE8}") = "Application", "Application", "{CA0AE8D1-2E96-42F6-9F46-D77960442E7F}"
EndProject
Project("{FAE04EC0-301F-11D3-BF4B-00C04F79EFBC}") = "SGR.Application", "SGR.Application\SGR.Application.csproj", "{3B0A268A-2826-4E51-8725-7DB8A8FFEE1F}"
EndProject
Project("{2150E333-8FDC-42A3-9474-1A3956D46DE8}") = "Infraestructure", "Infraestructure", "{FC079F3F-51DB-4CA2-A3AA-53855E590318}"
EndProject
Project("{FAE04EC0-301F-11D3-BF4B-00C04F79EFBC}") = "SGR.Persistence", "SGR.Persistence\SGR.Persistence.csproj", "{03D8537A-9571-459A-B6B4-9359633C893D}"
EndProject
Project("{FAE04EC0-301F-11D3-BF4B-00C04F79EFBC}") = "SGR.Infraestructure", "SGR.Infraestructure\SGR.Infraestructure.csproj", "{2E8D68F5-6304-45D7-A72A-9BF6978A7206}"
EndProject
Project("{2150E333-8FDC-42A3-9474-1A3956D46DE8}") = "Api", "Api", "{21AE1C15-4305-4B55-88F1-33A6A48A0CB7}"
EndProject
Project("{2150E333-8FDC-42A3-9474-1A3956D46DE8}") = "Core", "Core", "{6341F88F-2642-495A-A0E9-5B8E057E1EAE}"
EndProject
Project("{2150E333-8FDC-42A3-9474-1A3956D46DE8}") = "Domain", "Domain", "{7B00E649-126E-4B4E-A12B-BE0D3BA0B1D5}"
EndProject
Project("{FAE04EC0-301F-11D3-BF4B-00C04F79EFBC}") = "SGR.Domain", "SGR.Domain\SGR.Domain.csproj", "{A435BD86-904C-4F38-9034-917452685552}"
EndProject
Project("{FAE04EC0-301F-11D3-BF4B-00C04F79EFBC}") = "SGR.Model", "SGR.Model\SGR.Model.csproj", "{4328A999-6B7A-41CD-A593-C57DDAD198F3}"
EndProject
Project("{2150E333-8FDC-42A3-9474-1A3956D46DE8}") = "IOC", "IOC", "{B26954E8-5361-4AE3-95DA-0CA73A079135}"
EndProject
Project("{FAE04EC0-301F-11D3-BF4B-00C04F79EFBC}") = "SGR.IOC", "SG.IOC\SGR.IOC.csproj", "{F216E0B7-9937-4B1B-B11D-DEA3BBFDC5B2}"
EndProject
Project("{FAE04EC0-301F-11D3-BF4B-00C04F79EFBC}") = "SGR.Api", "SGR\SGR.Api.csproj", "{DC857733-548E-4725-95AA-F8651BA1C948}"
EndProject
Project("{2150E333-8FDC-42A3-9474-1A3956D46DE8}") = "Test", "Test", "{B20F74D4-41D2-4917-B783-C40DF8CE2C78}"
EndProject
Project("{FAE04EC0-301F-11D3-BF4B-00C04F79EFBC}") = "SGR.Api.Test", "SGR.Api.Test\SGR.Api.Test.csproj", "{6E90F8D9-2E09-43AF-8F50-1BB88E31E396}"
EndProject
Project("{FAE04EC0-301F-11D3-BF4B-00C04F79EFBC}") = "SGR.Persistence.Test", "SGR.Persistence.Test\SGR.Persistence.Test.csproj", "{817434BC-C6FD-4BE4-BF1F-1748A705997B}"
EndProject
Project("{FAE04EC0-301F-11D3-BF4B-00C04F79EFBC}") = "SGR.Application.Test", "SGR.Application.Test\SGR.Application.Test.csproj", "{DFED006B-83DB-473F-899C-3764A0E82026}"
EndProject
Global
	GlobalSection(SolutionConfigurationPlatforms) = preSolution
		Debug|Any CPU = Debug|Any CPU
		Release|Any CPU = Release|Any CPU
	EndGlobalSection
	GlobalSection(ProjectConfigurationPlatforms) = postSolution
		{FC7ECA87-7E40-4B32-878D-AF0F4209C627}.Debug|Any CPU.ActiveCfg = Debug|Any CPU
		{FC7ECA87-7E40-4B32-878D-AF0F4209C627}.Debug|Any CPU.Build.0 = Debug|Any CPU
		{FC7ECA87-7E40-4B32-878D-AF0F4209C627}.Release|Any CPU.ActiveCfg = Release|Any CPU
		{FC7ECA87-7E40-4B32-878D-AF0F4209C627}.Release|Any CPU.Build.0 = Release|Any CPU
		{4DEDAAE3-04A9-443F-AD04-88870C32458B}.Debug|Any CPU.ActiveCfg = Debug|Any CPU
		{4DEDAAE3-04A9-443F-AD04-88870C32458B}.Debug|Any CPU.Build.0 = Debug|Any CPU
		{4DEDAAE3-04A9-443F-AD04-88870C32458B}.Debug|Any CPU.Deploy.0 = Debug|Any CPU
		{4DEDAAE3-04A9-443F-AD04-88870C32458B}.Release|Any CPU.ActiveCfg = Release|Any CPU
		{4DEDAAE3-04A9-443F-AD04-88870C32458B}.Release|Any CPU.Build.0 = Release|Any CPU
		{4DEDAAE3-04A9-443F-AD04-88870C32458B}.Release|Any CPU.Deploy.0 = Release|Any CPU
		{3B0A268A-2826-4E51-8725-7DB8A8FFEE1F}.Debug|Any CPU.ActiveCfg = Debug|Any CPU
		{3B0A268A-2826-4E51-8725-7DB8A8FFEE1F}.Debug|Any CPU.Build.0 = Debug|Any CPU
		{3B0A268A-2826-4E51-8725-7DB8A8FFEE1F}.Release|Any CPU.ActiveCfg = Release|Any CPU
		{3B0A268A-2826-4E51-8725-7DB8A8FFEE1F}.Release|Any CPU.Build.0 = Release|Any CPU
		{03D8537A-9571-459A-B6B4-9359633C893D}.Debug|Any CPU.ActiveCfg = Debug|Any CPU
		{03D8537A-9571-459A-B6B4-9359633C893D}.Debug|Any CPU.Build.0 = Debug|Any CPU
		{03D8537A-9571-459A-B6B4-9359633C893D}.Release|Any CPU.ActiveCfg = Release|Any CPU
		{03D8537A-9571-459A-B6B4-9359633C893D}.Release|Any CPU.Build.0 = Release|Any CPU
		{2E8D68F5-6304-45D7-A72A-9BF6978A7206}.Debug|Any CPU.ActiveCfg = Debug|Any CPU
		{2E8D68F5-6304-45D7-A72A-9BF6978A7206}.Debug|Any CPU.Build.0 = Debug|Any CPU
		{2E8D68F5-6304-45D7-A72A-9BF6978A7206}.Release|Any CPU.ActiveCfg = Release|Any CPU
		{2E8D68F5-6304-45D7-A72A-9BF6978A7206}.Release|Any CPU.Build.0 = Release|Any CPU
		{A435BD86-904C-4F38-9034-917452685552}.Debug|Any CPU.ActiveCfg = Debug|Any CPU
		{A435BD86-904C-4F38-9034-917452685552}.Debug|Any CPU.Build.0 = Debug|Any CPU
		{A435BD86-904C-4F38-9034-917452685552}.Release|Any CPU.ActiveCfg = Release|Any CPU
		{A435BD86-904C-4F38-9034-917452685552}.Release|Any CPU.Build.0 = Release|Any CPU
		{4328A999-6B7A-41CD-A593-C57DDAD198F3}.Debug|Any CPU.ActiveCfg = Debug|Any CPU
		{4328A999-6B7A-41CD-A593-C57DDAD198F3}.Debug|Any CPU.Build.0 = Debug|Any CPU
		{4328A999-6B7A-41CD-A593-C57DDAD198F3}.Release|Any CPU.ActiveCfg = Release|Any CPU
		{4328A999-6B7A-41CD-A593-C57DDAD198F3}.Release|Any CPU.Build.0 = Release|Any CPU
		{F216E0B7-9937-4B1B-B11D-DEA3BBFDC5B2}.Debug|Any CPU.ActiveCfg = Debug|Any CPU
		{F216E0B7-9937-4B1B-B11D-DEA3BBFDC5B2}.Debug|Any CPU.Build.0 = Debug|Any CPU
		{F216E0B7-9937-4B1B-B11D-DEA3BBFDC5B2}.Release|Any CPU.ActiveCfg = Release|Any CPU
		{F216E0B7-9937-4B1B-B11D-DEA3BBFDC5B2}.Release|Any CPU.Build.0 = Release|Any CPU
		{DC857733-548E-4725-95AA-F8651BA1C948}.Debug|Any CPU.ActiveCfg = Debug|Any CPU
		{DC857733-548E-4725-95AA-F8651BA1C948}.Debug|Any CPU.Build.0 = Debug|Any CPU
		{DC857733-548E-4725-95AA-F8651BA1C948}.Release|Any CPU.ActiveCfg = Release|Any CPU
		{DC857733-548E-4725-95AA-F8651BA1C948}.Release|Any CPU.Build.0 = Release|Any CPU
		{6E90F8D9-2E09-43AF-8F50-1BB88E31E396}.Debug|Any CPU.ActiveCfg = Debug|Any CPU
		{6E90F8D9-2E09-43AF-8F50-1BB88E31E396}.Debug|Any CPU.Build.0 = Debug|Any CPU
		{6E90F8D9-2E09-43AF-8F50-1BB88E31E396}.Release|Any CPU.ActiveCfg = Release|Any CPU
		{6E90F8D9-2E09-43AF-8F50-1BB88E31E396}.Release|Any CPU.Build.0 = Release|Any CPU
		{817434BC-C6FD-4BE4-BF1F-1748A705997B}.Debug|Any CPU.ActiveCfg = Debug|Any CPU
		{817434BC-C6FD-4BE4-BF1F-1748A705997B}.Debug|Any CPU.Build.0 = Debug|Any CPU
		{817434BC-C6FD-4BE4-BF1F-1748A705997B}.Release|Any CPU.ActiveCfg = Release|Any CPU
		{817434BC-C6FD-4BE4-BF1F-1748A705997B}.Release|Any CPU.Build.0 = Release|Any CPU
		{DFED006B-83DB-473F-899C-3764A0E82026}.Debug|Any CPU.ActiveCfg = Debug|Any CPU
		{DFED006B-83DB-473F-899C-3764A0E82026}.Debug|Any CPU.Build.0 = Debug|Any CPU
		{DFED006B-83DB-473F-899C-3764A0E82026}.Release|Any CPU.ActiveCfg = Release|Any CPU
		{DFED006B-83DB-473F-899C-3764A0E82026}.Release|Any CPU.Build.0 = Release|Any CPU
	EndGlobalSection
	GlobalSection(SolutionProperties) = preSolution
		HideSolutionNode = FALSE
	EndGlobalSection
	GlobalSection(NestedProjects) = preSolution
		{FC7ECA87-7E40-4B32-878D-AF0F4209C627} = {02EA681E-C7D8-13C7-8484-4AC65E1B71E8}
		{4DEDAAE3-04A9-443F-AD04-88870C32458B} = {02EA681E-C7D8-13C7-8484-4AC65E1B71E8}
		{CA0AE8D1-2E96-42F6-9F46-D77960442E7F} = {6341F88F-2642-495A-A0E9-5B8E057E1EAE}
		{3B0A268A-2826-4E51-8725-7DB8A8FFEE1F} = {CA0AE8D1-2E96-42F6-9F46-D77960442E7F}
		{03D8537A-9571-459A-B6B4-9359633C893D} = {FC079F3F-51DB-4CA2-A3AA-53855E590318}
		{2E8D68F5-6304-45D7-A72A-9BF6978A7206} = {FC079F3F-51DB-4CA2-A3AA-53855E590318}
		{7B00E649-126E-4B4E-A12B-BE0D3BA0B1D5} = {6341F88F-2642-495A-A0E9-5B8E057E1EAE}
		{A435BD86-904C-4F38-9034-917452685552} = {7B00E649-126E-4B4E-A12B-BE0D3BA0B1D5}
		{4328A999-6B7A-41CD-A593-C57DDAD198F3} = {7B00E649-126E-4B4E-A12B-BE0D3BA0B1D5}
		{F216E0B7-9937-4B1B-B11D-DEA3BBFDC5B2} = {B26954E8-5361-4AE3-95DA-0CA73A079135}
		{DC857733-548E-4725-95AA-F8651BA1C948} = {21AE1C15-4305-4B55-88F1-33A6A48A0CB7}
		{6E90F8D9-2E09-43AF-8F50-1BB88E31E396} = {B20F74D4-41D2-4917-B783-C40DF8CE2C78}
		{817434BC-C6FD-4BE4-BF1F-1748A705997B} = {B20F74D4-41D2-4917-B783-C40DF8CE2C78}
		{DFED006B-83DB-473F-899C-3764A0E82026} = {B20F74D4-41D2-4917-B783-C40DF8CE2C78}
	EndGlobalSection
	GlobalSection(ExtensibilityGlobals) = postSolution
		SolutionGuid = {833280D8-697A-4019-8856-DBC1E7069FDF}
	EndGlobalSection
EndGlobal
